Microsoft Visual Studio Solution File, Format Version 11.00
# Visual Studio 2008

Project("{A291760A-672B-1693-B9F4-5B52474F28E7}") = "example_2", "Assembly-CSharp.csproj", "{20EB3A64-CF2E-A881-A02D-FC2742BE6F81}"
EndProject
Project("{A291760A-672B-1693-B9F4-5B52474F28E7}") = "example_2", "Assembly-UnityScript.unityproj", "{C1CE1F61-2DC0-6F5E-C35D-F3040973EA92}"
EndProject
Global
	GlobalSection(SolutionConfigurationPlatforms) = preSolution
		Debug|Any CPU = Debug|Any CPU
		Release|Any CPU = Release|Any CPU
	EndGlobalSection
	GlobalSection(ProjectConfigurationPlatforms) = postSolution
		{20EB3A64-CF2E-A881-A02D-FC2742BE6F81}.Debug|Any CPU.ActiveCfg = Debug|Any CPU
		{20EB3A64-CF2E-A881-A02D-FC2742BE6F81}.Debug|Any CPU.Build.0 = Debug|Any CPU
		{20EB3A64-CF2E-A881-A02D-FC2742BE6F81}.Release|Any CPU.ActiveCfg = Release|Any CPU
		{20EB3A64-CF2E-A881-A02D-FC2742BE6F81}.Release|Any CPU.Build.0 = Release|Any CPU
		{C1CE1F61-2DC0-6F5E-C35D-F3040973EA92}.Debug|Any CPU.ActiveCfg = Debug|Any CPU
		{C1CE1F61-2DC0-6F5E-C35D-F3040973EA92}.Debug|Any CPU.Build.0 = Debug|Any CPU
		{C1CE1F61-2DC0-6F5E-C35D-F3040973EA92}.Release|Any CPU.ActiveCfg = Release|Any CPU
		{C1CE1F61-2DC0-6F5E-C35D-F3040973EA92}.Release|Any CPU.Build.0 = Release|Any CPU
	EndGlobalSection
	GlobalSection(SolutionProperties) = preSolution
		HideSolutionNode = FALSE
	EndGlobalSection
																																											GlobalSection(MonoDevelopProperties) = preSolution
		StartupItem = Assembly-CSharp.csproj
		Policies = $0
		$0.TextStylePolicy = $1
		$1.inheritsSet = null
		$1.scope = text/x-csharp
		$0.CSharpFormattingPolicy = $2
		$2.inheritsSet = Mono
		$2.inheritsScope = text/x-csharp
		$2.scope = text/x-csharp
		$0.TextStylePolicy = $3
		$3.FileWidth = 120
		$3.TabWidth = 4
		$3.EolMarker = Unix
		$3.inheritsSet = Mono
		$3.inheritsScope = text/plain
		$3.scope = text/plain
	EndGlobalSection

EndGlobal
